
Microsoft Visual Studio Solution File, Format Version 12.00
# Visual Studio Version 17
VisualStudioVersion = 17.5.33530.505
MinimumVisualStudioVersion = 10.0.40219.1
Project("{FAE04EC0-301F-11D3-BF4B-00C04F79EFBC}") = "PP.CoffeeShop.Presentation", "PP.CoffeeShop.Presentation\PP.CoffeeShop.Presentation.csproj", "{9618DC95-1984-4D8E-AEB2-05DD1D0F02DF}"
EndProject
Global
	GlobalSection(SolutionConfigurationPlatforms) = preSolution
		Debug|Any CPU = Debug|Any CPU
		Release|Any CPU = Release|Any CPU
	EndGlobalSection
	GlobalSection(ProjectConfigurationPlatforms) = postSolution
		{9618DC95-1984-4D8E-AEB2-05DD1D0F02DF}.Debug|Any CPU.ActiveCfg = Debug|Any CPU
		{9618DC95-1984-4D8E-AEB2-05DD1D0F02DF}.Debug|Any CPU.Build.0 = Debug|Any CPU
		{9618DC95-1984-4D8E-AEB2-05DD1D0F02DF}.Release|Any CPU.ActiveCfg = Release|Any CPU
		{9618DC95-1984-4D8E-AEB2-05DD1D0F02DF}.Release|Any CPU.Build.0 = Release|Any CPU
	EndGlobalSection
	GlobalSection(SolutionProperties) = preSolution
		HideSolutionNode = FALSE
	EndGlobalSection
	GlobalSection(ExtensibilityGlobals) = postSolution
		SolutionGuid = {6BEA24D3-AB40-40B0-960A-5F706B7790F3}
	EndGlobalSection
EndGlobal
